
Microsoft Visual Studio Solution File, Format Version 12.00
# Visual Studio Version 17
VisualStudioVersion = 17.11.35312.102
MinimumVisualStudioVersion = 10.0.40219.1
Project("{FAE04EC0-301F-11D3-BF4B-00C04F79EFBC}") = "MaybeDraw", "WpfApp1\MaybeDraw.csproj", "{C0C23F91-FB91-422F-9BC5-B8350E8ADB28}"
EndProject
Global
	GlobalSection(SolutionConfigurationPlatforms) = preSolution
		Debug|Any CPU = Debug|Any CPU
		Release|Any CPU = Release|Any CPU
	EndGlobalSection
	GlobalSection(ProjectConfigurationPlatforms) = postSolution
		{C0C23F91-FB91-422F-9BC5-B8350E8ADB28}.Debug|Any CPU.ActiveCfg = Debug|Any CPU
		{C0C23F91-FB91-422F-9BC5-B8350E8ADB28}.Debug|Any CPU.Build.0 = Debug|Any CPU
		{C0C23F91-FB91-422F-9BC5-B8350E8ADB28}.Release|Any CPU.ActiveCfg = Release|Any CPU
		{C0C23F91-FB91-422F-9BC5-B8350E8ADB28}.Release|Any CPU.Build.0 = Release|Any CPU
	EndGlobalSection
	GlobalSection(SolutionProperties) = preSolution
		HideSolutionNode = FALSE
	EndGlobalSection
	GlobalSection(ExtensibilityGlobals) = postSolution
		SolutionGuid = {52C69A68-BFD5-4B83-9D8F-C16450CBD0EC}
	EndGlobalSection
EndGlobal
